
Microsoft Visual Studio Solution File, Format Version 12.00
# Visual Studio Version 18
VisualStudioVersion = 18.3.11312.210
MinimumVisualStudioVersion = 10.0.40219.1
Project("{FAE04EC0-301F-11D3-BF4B-00C04F79EFBC}") = "Exercice 1_Table de 2", "Exercice 1_Table de 2\Exercice 1_Table de 2.csproj", "{9B68F260-3420-A1F9-DD91-E9046F689560}"
EndProject
Project("{FAE04EC0-301F-11D3-BF4B-00C04F79EFBC}") = "Exercice 3_Exposant (boucle do..while)", "Exercice 3_Exposant (boucle do..while)\Exercice 3_Exposant (boucle do..while).csproj", "{95B59C3A-3222-51F7-5CF2-99B0DDC32DB8}"
EndProject
Project("{FAE04EC0-301F-11D3-BF4B-00C04F79EFBC}") = "Exercice 4_Le jeu du juste prix (boucle do..while)", "Exercice 4_Le jeu du juste prix (boucle do..while)\Exercice 4_Le jeu du juste prix (boucle do..while).csproj", "{84464A23-A7F3-026E-0C03-A1744F44664B}"
EndProject
Project("{FAE04EC0-301F-11D3-BF4B-00C04F79EFBC}") = "Exercice 5_Tables de 1 à 9 (boucle do..while)", "Exercice 5_Tables de 1 à 9 (boucle do..while)\Exercice 5_Tables de 1 à 9 (boucle do..while).csproj", "{48635080-713E-C392-3F5B-F10CA5E0C26C}"
EndProject
Project("{FAE04EC0-301F-11D3-BF4B-00C04F79EFBC}") = "Exercice 2_Amélioration du distributeur de boisson", "Exercice 2_Amélioration du distributeur de boisson (boucle + switch)\Exercice 2_Amélioration du distributeur de boisson.csproj", "{1E71517F-DC6F-3544-6DAF-503418F97077}"
EndProject
Global
	GlobalSection(SolutionConfigurationPlatforms) = preSolution
		Debug|Any CPU = Debug|Any CPU
		Release|Any CPU = Release|Any CPU
	EndGlobalSection
	GlobalSection(ProjectConfigurationPlatforms) = postSolution
		{9B68F260-3420-A1F9-DD91-E9046F689560}.Debug|Any CPU.ActiveCfg = Debug|Any CPU
		{9B68F260-3420-A1F9-DD91-E9046F689560}.Debug|Any CPU.Build.0 = Debug|Any CPU
		{9B68F260-3420-A1F9-DD91-E9046F689560}.Release|Any CPU.ActiveCfg = Release|Any CPU
		{9B68F260-3420-A1F9-DD91-E9046F689560}.Release|Any CPU.Build.0 = Release|Any CPU
		{95B59C3A-3222-51F7-5CF2-99B0DDC32DB8}.Debug|Any CPU.ActiveCfg = Debug|Any CPU
		{95B59C3A-3222-51F7-5CF2-99B0DDC32DB8}.Debug|Any CPU.Build.0 = Debug|Any CPU
		{95B59C3A-3222-51F7-5CF2-99B0DDC32DB8}.Release|Any CPU.ActiveCfg = Release|Any CPU
		{95B59C3A-3222-51F7-5CF2-99B0DDC32DB8}.Release|Any CPU.Build.0 = Release|Any CPU
		{84464A23-A7F3-026E-0C03-A1744F44664B}.Debug|Any CPU.ActiveCfg = Debug|Any CPU
		{84464A23-A7F3-026E-0C03-A1744F44664B}.Debug|Any CPU.Build.0 = Debug|Any CPU
		{84464A23-A7F3-026E-0C03-A1744F44664B}.Release|Any CPU.ActiveCfg = Release|Any CPU
		{84464A23-A7F3-026E-0C03-A1744F44664B}.Release|Any CPU.Build.0 = Release|Any CPU
		{48635080-713E-C392-3F5B-F10CA5E0C26C}.Debug|Any CPU.ActiveCfg = Debug|Any CPU
		{48635080-713E-C392-3F5B-F10CA5E0C26C}.Debug|Any CPU.Build.0 = Debug|Any CPU
		{48635080-713E-C392-3F5B-F10CA5E0C26C}.Release|Any CPU.ActiveCfg = Release|Any CPU
		{48635080-713E-C392-3F5B-F10CA5E0C26C}.Release|Any CPU.Build.0 = Release|Any CPU
		{1E71517F-DC6F-3544-6DAF-503418F97077}.Debug|Any CPU.ActiveCfg = Debug|Any CPU
		{1E71517F-DC6F-3544-6DAF-503418F97077}.Debug|Any CPU.Build.0 = Debug|Any CPU
		{1E71517F-DC6F-3544-6DAF-503418F97077}.Release|Any CPU.ActiveCfg = Release|Any CPU
		{1E71517F-DC6F-3544-6DAF-503418F97077}.Release|Any CPU.Build.0 = Release|Any CPU
	EndGlobalSection
	GlobalSection(SolutionProperties) = preSolution
		HideSolutionNode = FALSE
	EndGlobalSection
	GlobalSection(ExtensibilityGlobals) = postSolution
		SolutionGuid = {0C64D750-9613-4673-8A11-5A9AF7970898}
	EndGlobalSection
EndGlobal
