
Microsoft Visual Studio Solution File, Format Version 12.00
# Visual Studio Version 18
VisualStudioVersion = 18.3.11312.210 d18.3
MinimumVisualStudioVersion = 10.0.40219.1
Project("{FAE04EC0-301F-11D3-BF4B-00C04F79EFBC}") = "08_Sous_Programme_Exercices", "08_Sous_Programme_Exercices.csproj", "{EAB32505-7A88-0B4B-A22D-8D0CEB113174}"
EndProject
Global
	GlobalSection(SolutionConfigurationPlatforms) = preSolution
		Debug|Any CPU = Debug|Any CPU
		Release|Any CPU = Release|Any CPU
	EndGlobalSection
	GlobalSection(ProjectConfigurationPlatforms) = postSolution
		{EAB32505-7A88-0B4B-A22D-8D0CEB113174}.Debug|Any CPU.ActiveCfg = Debug|Any CPU
		{EAB32505-7A88-0B4B-A22D-8D0CEB113174}.Debug|Any CPU.Build.0 = Debug|Any CPU
		{EAB32505-7A88-0B4B-A22D-8D0CEB113174}.Release|Any CPU.ActiveCfg = Release|Any CPU
		{EAB32505-7A88-0B4B-A22D-8D0CEB113174}.Release|Any CPU.Build.0 = Release|Any CPU
	EndGlobalSection
	GlobalSection(SolutionProperties) = preSolution
		HideSolutionNode = FALSE
	EndGlobalSection
	GlobalSection(ExtensibilityGlobals) = postSolution
		SolutionGuid = {0E2C0C8B-E184-4A33-8EE8-34F29275301E}
	EndGlobalSection
EndGlobal
